
Microsoft Visual Studio Solution File, Format Version 12.00
# Visual Studio Version 17
VisualStudioVersion = 17.0.31903.59
MinimumVisualStudioVersion = 10.0.40219.1
Project("{2150E333-8FDC-42A3-9474-1A3956D46DE8}") = "src", "src", "{C51A9B6F-5930-484D-9AE6-11F8D5F097CB}"
EndProject
Project("{FAE04EC0-301F-11D3-BF4B-00C04F79EFBC}") = "image2gdram_converter", "src\image2gdram_converter\image2gdram_converter.csproj", "{41E8EFC0-917B-4B6F-93AD-50F294EA7C1D}"
EndProject
Project("{FAE04EC0-301F-11D3-BF4B-00C04F79EFBC}") = "Image2Gdram.Core", "src\Image2Gdram.Core\Image2Gdram.Core.csproj", "{749124DE-FCAD-4A4D-A1E8-BE03CAFCD043}"
EndProject
Project("{2150E333-8FDC-42A3-9474-1A3956D46DE8}") = "tests", "tests", "{D9AC7107-AC4B-48A3-9E94-372D6BC7A866}"
EndProject
Project("{FAE04EC0-301F-11D3-BF4B-00C04F79EFBC}") = "Image2Gdram.Reference", "tests\Image2Gdram.Reference\Image2Gdram.Reference.csproj", "{DFA80F55-230F-4BD4-99B9-8EA53AD10557}"
EndProject
Project("{FAE04EC0-301F-11D3-BF4B-00C04F79EFBC}") = "Image2Gdram.Core.Tests", "tests\Image2Gdram.Core.Tests\Image2Gdram.Core.Tests.csproj", "{A88700CF-EBCA-4DB0-89A4-7D846D1B6F44}"
EndProject
Project("{FAE04EC0-301F-11D3-BF4B-00C04F79EFBC}") = "Image2Gdram.Imaging.Wic", "src\Image2Gdram.Imaging.Wic\Image2Gdram.Imaging.Wic.csproj", "{8844677F-B06F-4ABC-A445-5EB5C37D4192}"
EndProject
Project("{2150E333-8FDC-42A3-9474-1A3956D46DE8}") = "tools", "tools", "{829CB05E-072C-471A-BE0F-75FE9CF701D1}"
EndProject
Project("{FAE04EC0-301F-11D3-BF4B-00C04F79EFBC}") = "TestAssetsGenerator", "tools\TestAssetsGenerator\TestAssetsGenerator.csproj", "{09330E4A-4F79-4CFE-9C1F-7A4FFE72D746}"
EndProject
Project("{FAE04EC0-301F-11D3-BF4B-00C04F79EFBC}") = "Image2Gdram.Imaging.Wic.Tests", "tests\Image2Gdram.Imaging.Wic.Tests\Image2Gdram.Imaging.Wic.Tests.csproj", "{F693135A-2A4E-4535-8701-D5D71EA6E0CB}"
EndProject
Project("{FAE04EC0-301F-11D3-BF4B-00C04F79EFBC}") = "OutputSamples", "tools\OutputSamples\OutputSamples.csproj", "{082D2C27-9F54-4FA2-8EDC-4F10EB56FA80}"
EndProject
Project("{FAE04EC0-301F-11D3-BF4B-00C04F79EFBC}") = "Image2Gdram.Fonts.Wpf", "src\Image2Gdram.Fonts.Wpf\Image2Gdram.Fonts.Wpf.csproj", "{7ACCF586-3EFE-4B7C-83D9-AD1C381FC9C6}"
EndProject
Project("{FAE04EC0-301F-11D3-BF4B-00C04F79EFBC}") = "Image2Gdram.Fonts.Wpf.Tests", "tests\Image2Gdram.Fonts.Wpf.Tests\Image2Gdram.Fonts.Wpf.Tests.csproj", "{D8017A7B-BBCC-4D3D-B1F6-9CFC5DAB568A}"
EndProject
Project("{FAE04EC0-301F-11D3-BF4B-00C04F79EFBC}") = "Image2Gdram.App.Tests", "tests\Image2Gdram.App.Tests\Image2Gdram.App.Tests.csproj", "{7C147AF7-0DFB-41DD-B540-50422C75AC27}"
EndProject
Global
	GlobalSection(SolutionConfigurationPlatforms) = preSolution
		Debug|Any CPU = Debug|Any CPU
		Release|Any CPU = Release|Any CPU
	EndGlobalSection
	GlobalSection(SolutionProperties) = preSolution
		HideSolutionNode = FALSE
	EndGlobalSection
	GlobalSection(ProjectConfigurationPlatforms) = postSolution
		{41E8EFC0-917B-4B6F-93AD-50F294EA7C1D}.Debug|Any CPU.ActiveCfg = Debug|Any CPU
		{41E8EFC0-917B-4B6F-93AD-50F294EA7C1D}.Debug|Any CPU.Build.0 = Debug|Any CPU
		{41E8EFC0-917B-4B6F-93AD-50F294EA7C1D}.Release|Any CPU.ActiveCfg = Release|Any CPU
		{41E8EFC0-917B-4B6F-93AD-50F294EA7C1D}.Release|Any CPU.Build.0 = Release|Any CPU
		{749124DE-FCAD-4A4D-A1E8-BE03CAFCD043}.Debug|Any CPU.ActiveCfg = Debug|Any CPU
		{749124DE-FCAD-4A4D-A1E8-BE03CAFCD043}.Debug|Any CPU.Build.0 = Debug|Any CPU
		{749124DE-FCAD-4A4D-A1E8-BE03CAFCD043}.Release|Any CPU.ActiveCfg = Release|Any CPU
		{749124DE-FCAD-4A4D-A1E8-BE03CAFCD043}.Release|Any CPU.Build.0 = Release|Any CPU
		{DFA80F55-230F-4BD4-99B9-8EA53AD10557}.Debug|Any CPU.ActiveCfg = Debug|Any CPU
		{DFA80F55-230F-4BD4-99B9-8EA53AD10557}.Debug|Any CPU.Build.0 = Debug|Any CPU
		{DFA80F55-230F-4BD4-99B9-8EA53AD10557}.Release|Any CPU.ActiveCfg = Release|Any CPU
		{DFA80F55-230F-4BD4-99B9-8EA53AD10557}.Release|Any CPU.Build.0 = Release|Any CPU
		{A88700CF-EBCA-4DB0-89A4-7D846D1B6F44}.Debug|Any CPU.ActiveCfg = Debug|Any CPU
		{A88700CF-EBCA-4DB0-89A4-7D846D1B6F44}.Debug|Any CPU.Build.0 = Debug|Any CPU
		{A88700CF-EBCA-4DB0-89A4-7D846D1B6F44}.Release|Any CPU.ActiveCfg = Release|Any CPU
		{A88700CF-EBCA-4DB0-89A4-7D846D1B6F44}.Release|Any CPU.Build.0 = Release|Any CPU
		{8844677F-B06F-4ABC-A445-5EB5C37D4192}.Debug|Any CPU.ActiveCfg = Debug|Any CPU
		{8844677F-B06F-4ABC-A445-5EB5C37D4192}.Debug|Any CPU.Build.0 = Debug|Any CPU
		{8844677F-B06F-4ABC-A445-5EB5C37D4192}.Release|Any CPU.ActiveCfg = Release|Any CPU
		{8844677F-B06F-4ABC-A445-5EB5C37D4192}.Release|Any CPU.Build.0 = Release|Any CPU
		{09330E4A-4F79-4CFE-9C1F-7A4FFE72D746}.Debug|Any CPU.ActiveCfg = Debug|Any CPU
		{09330E4A-4F79-4CFE-9C1F-7A4FFE72D746}.Debug|Any CPU.Build.0 = Debug|Any CPU
		{09330E4A-4F79-4CFE-9C1F-7A4FFE72D746}.Release|Any CPU.ActiveCfg = Release|Any CPU
		{09330E4A-4F79-4CFE-9C1F-7A4FFE72D746}.Release|Any CPU.Build.0 = Release|Any CPU
		{F693135A-2A4E-4535-8701-D5D71EA6E0CB}.Debug|Any CPU.ActiveCfg = Debug|Any CPU
		{F693135A-2A4E-4535-8701-D5D71EA6E0CB}.Debug|Any CPU.Build.0 = Debug|Any CPU
		{F693135A-2A4E-4535-8701-D5D71EA6E0CB}.Release|Any CPU.ActiveCfg = Release|Any CPU
		{F693135A-2A4E-4535-8701-D5D71EA6E0CB}.Release|Any CPU.Build.0 = Release|Any CPU
		{082D2C27-9F54-4FA2-8EDC-4F10EB56FA80}.Debug|Any CPU.ActiveCfg = Debug|Any CPU
		{082D2C27-9F54-4FA2-8EDC-4F10EB56FA80}.Debug|Any CPU.Build.0 = Debug|Any CPU
		{082D2C27-9F54-4FA2-8EDC-4F10EB56FA80}.Release|Any CPU.ActiveCfg = Release|Any CPU
		{082D2C27-9F54-4FA2-8EDC-4F10EB56FA80}.Release|Any CPU.Build.0 = Release|Any CPU
		{7ACCF586-3EFE-4B7C-83D9-AD1C381FC9C6}.Debug|Any CPU.ActiveCfg = Debug|Any CPU
		{7ACCF586-3EFE-4B7C-83D9-AD1C381FC9C6}.Debug|Any CPU.Build.0 = Debug|Any CPU
		{7ACCF586-3EFE-4B7C-83D9-AD1C381FC9C6}.Release|Any CPU.ActiveCfg = Release|Any CPU
		{7ACCF586-3EFE-4B7C-83D9-AD1C381FC9C6}.Release|Any CPU.Build.0 = Release|Any CPU
		{D8017A7B-BBCC-4D3D-B1F6-9CFC5DAB568A}.Debug|Any CPU.ActiveCfg = Debug|Any CPU
		{D8017A7B-BBCC-4D3D-B1F6-9CFC5DAB568A}.Debug|Any CPU.Build.0 = Debug|Any CPU
		{D8017A7B-BBCC-4D3D-B1F6-9CFC5DAB568A}.Release|Any CPU.ActiveCfg = Release|Any CPU
		{D8017A7B-BBCC-4D3D-B1F6-9CFC5DAB568A}.Release|Any CPU.Build.0 = Release|Any CPU
		{7C147AF7-0DFB-41DD-B540-50422C75AC27}.Debug|Any CPU.ActiveCfg = Debug|Any CPU
		{7C147AF7-0DFB-41DD-B540-50422C75AC27}.Debug|Any CPU.Build.0 = Debug|Any CPU
		{7C147AF7-0DFB-41DD-B540-50422C75AC27}.Release|Any CPU.ActiveCfg = Release|Any CPU
		{7C147AF7-0DFB-41DD-B540-50422C75AC27}.Release|Any CPU.Build.0 = Release|Any CPU
	EndGlobalSection
	GlobalSection(NestedProjects) = preSolution
		{41E8EFC0-917B-4B6F-93AD-50F294EA7C1D} = {C51A9B6F-5930-484D-9AE6-11F8D5F097CB}
		{749124DE-FCAD-4A4D-A1E8-BE03CAFCD043} = {C51A9B6F-5930-484D-9AE6-11F8D5F097CB}
		{DFA80F55-230F-4BD4-99B9-8EA53AD10557} = {D9AC7107-AC4B-48A3-9E94-372D6BC7A866}
		{A88700CF-EBCA-4DB0-89A4-7D846D1B6F44} = {D9AC7107-AC4B-48A3-9E94-372D6BC7A866}
		{8844677F-B06F-4ABC-A445-5EB5C37D4192} = {C51A9B6F-5930-484D-9AE6-11F8D5F097CB}
		{09330E4A-4F79-4CFE-9C1F-7A4FFE72D746} = {829CB05E-072C-471A-BE0F-75FE9CF701D1}
		{F693135A-2A4E-4535-8701-D5D71EA6E0CB} = {D9AC7107-AC4B-48A3-9E94-372D6BC7A866}
		{082D2C27-9F54-4FA2-8EDC-4F10EB56FA80} = {829CB05E-072C-471A-BE0F-75FE9CF701D1}
		{7ACCF586-3EFE-4B7C-83D9-AD1C381FC9C6} = {C51A9B6F-5930-484D-9AE6-11F8D5F097CB}
		{D8017A7B-BBCC-4D3D-B1F6-9CFC5DAB568A} = {D9AC7107-AC4B-48A3-9E94-372D6BC7A866}
		{7C147AF7-0DFB-41DD-B540-50422C75AC27} = {D9AC7107-AC4B-48A3-9E94-372D6BC7A866}
	EndGlobalSection
EndGlobal
